
Microsoft Visual Studio Solution File, Format Version 12.00
# Visual Studio Version 16
VisualStudioVersion = 16.0.30804.86
MinimumVisualStudioVersion = 10.0.40219.1
Project("{FAE04EC0-301F-11D3-BF4B-00C04F79EFBC}") = "DATA", "DATA\DATA.csproj", "{8C55B572-52AC-4B3C-A95F-4F655183DD6E}"
EndProject
Project("{FAE04EC0-301F-11D3-BF4B-00C04F79EFBC}") = "API", "API\API.csproj", "{AEF6F801-DB4B-4C55-9D53-2EDE6A908334}"
EndProject
Global
	GlobalSection(SolutionConfigurationPlatforms) = preSolution
		Debug|Any CPU = Debug|Any CPU
		Release|Any CPU = Release|Any CPU
	EndGlobalSection
	GlobalSection(ProjectConfigurationPlatforms) = postSolution
		{8C55B572-52AC-4B3C-A95F-4F655183DD6E}.Debug|Any CPU.ActiveCfg = Debug|Any CPU
		{8C55B572-52AC-4B3C-A95F-4F655183DD6E}.Debug|Any CPU.Build.0 = Debug|Any CPU
		{8C55B572-52AC-4B3C-A95F-4F655183DD6E}.Release|Any CPU.ActiveCfg = Release|Any CPU
		{8C55B572-52AC-4B3C-A95F-4F655183DD6E}.Release|Any CPU.Build.0 = Release|Any CPU
		{AEF6F801-DB4B-4C55-9D53-2EDE6A908334}.Debug|Any CPU.ActiveCfg = Debug|Any CPU
		{AEF6F801-DB4B-4C55-9D53-2EDE6A908334}.Debug|Any CPU.Build.0 = Debug|Any CPU
		{AEF6F801-DB4B-4C55-9D53-2EDE6A908334}.Release|Any CPU.ActiveCfg = Release|Any CPU
		{AEF6F801-DB4B-4C55-9D53-2EDE6A908334}.Release|Any CPU.Build.0 = Release|Any CPU
	EndGlobalSection
	GlobalSection(SolutionProperties) = preSolution
		HideSolutionNode = FALSE
	EndGlobalSection
	GlobalSection(ExtensibilityGlobals) = postSolution
		SolutionGuid = {FD82A606-92FE-485D-A8E4-8CB581DB98C2}
	EndGlobalSection
EndGlobal
